<?xml version="1.0" encoding="utf-8"?>
<Project ToolsVersion="4.0" xmlns="http://schemas.microsoft.com/developer/msbuild/2003">
  <ItemGroup>
    <Filter Include="Header Files">
      <UniqueIdentifier>{93995380-89BD-4b04-88EB-625FBE52EBFB}</UniqueIdentifier>
      <Extensions>h;hpp;hxx;hm;inl;inc;xsd</Extensions>
    </Filter>
    <Filter Include="Resource Files">
      <UniqueIdentifier>{67DA6AB6-F800-4c08-8B7A-83BB121AAD01}</UniqueIdentifier>
      <Extensions>rc;ico;cur;bmp;dlg;rc2;rct;bin;rgs;gif;jpg;jpeg;jpe;resx;tiff;tif;png;wav;mfcribbon-ms</Extensions>
    </Filter>
    <Filter Include="Source Files">
      <UniqueIdentifier>{4FC737F1-C7A5-4376-A066-2A32D752A2FF}</UniqueIdentifier>
      <Extensions>cpp;c;cc;cxx;def;odl;idl;hpj;bat;asm;asmx</Extensions>
    </Filter>
    <Filter Include="Source Files\Dangki">
      <UniqueIdentifier>{8aa8d748-1515-4203-a324-040e49d79aee}</UniqueIdentifier>
    </Filter>
    <Filter Include="Source Files\Dangnhap">
      <UniqueIdentifier>{be613041-646c-44f4-aab5-49309e9c8625}</UniqueIdentifier>
    </Filter>
    <Filter Include="Source Files\Caidat">
      <UniqueIdentifier>{66a4fe50-f3bb-4192-9e69-36b8e15853f7}</UniqueIdentifier>
    </Filter>
    <Filter Include="Source Files\Chucnang">
      <UniqueIdentifier>{54d60c0e-a25e-461b-9acf-9f3f94fc3905}</UniqueIdentifier>
    </Filter>
    <Filter Include="Source Files\Caidat\Matkhau">
      <UniqueIdentifier>{ecf5aa66-5025-4785-be0c-0d72d2b2c7a4}</UniqueIdentifier>
    </Filter>
    <Filter Include="Source Files\Caidat\Chucnang">
      <UniqueIdentifier>{b901805d-027b-4445-9458-3843234f6bfb}</UniqueIdentifier>
    </Filter>
    <Filter Include="Source Files\File">
      <UniqueIdentifier>{78562aff-c969-42f4-956f-53a18081cc29}</UniqueIdentifier>
    </Filter>
  </ItemGroup>
  <ItemGroup>
    <ClCompile Include="src\main.cpp">
      <Filter>Source Files</Filter>
    </ClCompile>
    <ClCompile Include="src\Switch.cpp">
      <Filter>Source Files</Filter>
    </ClCompile>
    <ClCompile Include="src\Tuychon.cpp">
      <Filter>Source Files</Filter>
    </ClCompile>
    <ClCompile Include="src\Dangki_taikhoan.cpp">
      <Filter>Source Files\Dangki</Filter>
    </ClCompile>
    <ClCompile Include="src\Docdulieu.cpp">
      <Filter>Source Files\File</Filter>
    </ClCompile>
    <ClCompile Include="src\Capnhat_file.cpp">
      <Filter>Source Files\File</Filter>
    </ClCompile>
    <ClCompile Include="src\Doi_matkhau.cpp">
      <Filter>Source Files\Caidat\Matkhau</Filter>
    </ClCompile>
    <ClCompile Include="src\lichsudangnhap.cpp">
      <Filter>Source Files\File</Filter>
    </ClCompile>
    <ClCompile Include="src\Chucnang.cpp">
      <Filter>Source Files\Caidat\Chucnang</Filter>
    </ClCompile>
    <ClCompile Include="src\Chucnang_hientai.cpp">
      <Filter>Source Files\Chucnang</Filter>
    </ClCompile>
    <ClCompile Include="src\dangnhap.cpp">
      <Filter>Source Files\Dangnhap</Filter>
    </ClCompile>
    <ClCompile Include="src\file_chucnang.cpp">
      <Filter>Source Files\File</Filter>
    </ClCompile>
    <ClCompile Include="src\thongtin_canhan.cpp">
      <Filter>Source Files\File</Filter>
    </ClCompile>
  </ItemGroup>
  <ItemGroup>
    <ClInclude Include="include\Capnhat_file.h">
      <Filter>Header Files</Filter>
    </ClInclude>
    <ClInclude Include="include\Chucnag_hientai.h">
      <Filter>Header Files</Filter>
    </ClInclude>
    <ClInclude Include="include\Chucnang.h">
      <Filter>Header Files</Filter>
    </ClInclude>
    <ClInclude Include="include\Dangki_taikhoan.h">
      <Filter>Header Files</Filter>
    </ClInclude>
    <ClInclude Include="include\dangnhap.h">
      <Filter>Header Files</Filter>
    </ClInclude>
    <ClInclude Include="include\Docdulieu.h">
      <Filter>Header Files</Filter>
    </ClInclude>
    <ClInclude Include="include\Doi_matkhau.h">
      <Filter>Header Files</Filter>
    </ClInclude>
    <ClInclude Include="include\file_chucnang.h">
      <Filter>Header Files</Filter>
    </ClInclude>
    <ClInclude Include="include\lichsu_dangnhap.h">
      <Filter>Header Files</Filter>
    </ClInclude>
    <ClInclude Include="include\switch.h">
      <Filter>Header Files</Filter>
    </ClInclude>
    <ClInclude Include="include\tuychon.h">
      <Filter>Header Files</Filter>
    </ClInclude>
    <ClInclude Include="include\thongtin_canhan.h">
      <Filter>Header Files</Filter>
    </ClInclude>
    <ClInclude Include="include\thuvien_chuan.h">
      <Filter>Header Files</Filter>
    </ClInclude>
  </ItemGroup>
</Project>